
Microsoft Visual Studio Solution File, Format Version 12.00
# Visual Studio 14
VisualStudioVersion = 14.0.23107.0
MinimumVisualStudioVersion = 10.0.40219.1
Project("{FAE04EC0-301F-11D3-BF4B-00C04F79EFBC}") = "ProgrammingPraxis.Library", "ProgrammingPraxis.Library\ProgrammingPraxis.Library.csproj", "{45BCCA1B-183C-414B-B3D1-A4EE5A413DE0}"
EndProject
Project("{FAE04EC0-301F-11D3-BF4B-00C04F79EFBC}") = "ProgrammingPraxis.CLI", "ProgrammingPraxis.CLI\ProgrammingPraxis.CLI.csproj", "{53113E2A-5054-4E1C-ACAD-62FA18D2092F}"
EndProject
Project("{FAE04EC0-301F-11D3-BF4B-00C04F79EFBC}") = "ProgrammingPraxis.Library.Tests", "ProgrammingPraxis.Library.Tests\ProgrammingPraxis.Library.Tests.csproj", "{D44691E5-DB63-461F-B762-C71466822FB6}"
EndProject
Global
	GlobalSection(SolutionConfigurationPlatforms) = preSolution
		Debug|Any CPU = Debug|Any CPU
		Release|Any CPU = Release|Any CPU
	EndGlobalSection
	GlobalSection(ProjectConfigurationPlatforms) = postSolution
		{45BCCA1B-183C-414B-B3D1-A4EE5A413DE0}.Debug|Any CPU.ActiveCfg = Debug|Any CPU
		{45BCCA1B-183C-414B-B3D1-A4EE5A413DE0}.Debug|Any CPU.Build.0 = Debug|Any CPU
		{45BCCA1B-183C-414B-B3D1-A4EE5A413DE0}.Release|Any CPU.ActiveCfg = Release|Any CPU
		{45BCCA1B-183C-414B-B3D1-A4EE5A413DE0}.Release|Any CPU.Build.0 = Release|Any CPU
		{53113E2A-5054-4E1C-ACAD-62FA18D2092F}.Debug|Any CPU.ActiveCfg = Debug|Any CPU
		{53113E2A-5054-4E1C-ACAD-62FA18D2092F}.Debug|Any CPU.Build.0 = Debug|Any CPU
		{53113E2A-5054-4E1C-ACAD-62FA18D2092F}.Release|Any CPU.ActiveCfg = Release|Any CPU
		{53113E2A-5054-4E1C-ACAD-62FA18D2092F}.Release|Any CPU.Build.0 = Release|Any CPU
		{D44691E5-DB63-461F-B762-C71466822FB6}.Debug|Any CPU.ActiveCfg = Debug|Any CPU
		{D44691E5-DB63-461F-B762-C71466822FB6}.Debug|Any CPU.Build.0 = Debug|Any CPU
		{D44691E5-DB63-461F-B762-C71466822FB6}.Release|Any CPU.ActiveCfg = Release|Any CPU
		{D44691E5-DB63-461F-B762-C71466822FB6}.Release|Any CPU.Build.0 = Release|Any CPU
	EndGlobalSection
	GlobalSection(SolutionProperties) = preSolution
		HideSolutionNode = FALSE
	EndGlobalSection
EndGlobal
